
Microsoft Visual Studio Solution File, Format Version 12.00
# Visual Studio Version 17
VisualStudioVersion = 17.4.33122.133
MinimumVisualStudioVersion = 10.0.40219.1
Project("{FAE04EC0-301F-11D3-BF4B-00C04F79EFBC}") = "DirectoryClassExample", "DirectoryClassExample\DirectoryClassExample.csproj", "{C2DB20D7-10C0-4A35-8FC6-87F0FCB8943F}"
EndProject
Global
	GlobalSection(SolutionConfigurationPlatforms) = preSolution
		Debug|Any CPU = Debug|Any CPU
		Release|Any CPU = Release|Any CPU
	EndGlobalSection
	GlobalSection(ProjectConfigurationPlatforms) = postSolution
		{C2DB20D7-10C0-4A35-8FC6-87F0FCB8943F}.Debug|Any CPU.ActiveCfg = Debug|Any CPU
		{C2DB20D7-10C0-4A35-8FC6-87F0FCB8943F}.Debug|Any CPU.Build.0 = Debug|Any CPU
		{C2DB20D7-10C0-4A35-8FC6-87F0FCB8943F}.Release|Any CPU.ActiveCfg = Release|Any CPU
		{C2DB20D7-10C0-4A35-8FC6-87F0FCB8943F}.Release|Any CPU.Build.0 = Release|Any CPU
	EndGlobalSection
	GlobalSection(SolutionProperties) = preSolution
		HideSolutionNode = FALSE
	EndGlobalSection
	GlobalSection(ExtensibilityGlobals) = postSolution
		SolutionGuid = {405A4BA4-7989-4412-9CCD-2993DDBBAD58}
	EndGlobalSection
EndGlobal
