
Microsoft Visual Studio Solution File, Format Version 12.00
# Visual Studio Version 17
VisualStudioVersion = 17.4.33122.133
MinimumVisualStudioVersion = 10.0.40219.1
Project("{FAE04EC0-301F-11D3-BF4B-00C04F79EFBC}") = "StreamWriterReaderExample", "StreamWriterReaderExample\StreamWriterReaderExample.csproj", "{26E58A3C-FE33-4012-8A4F-BBE6DFD9BE2E}"
EndProject
Global
	GlobalSection(SolutionConfigurationPlatforms) = preSolution
		Debug|Any CPU = Debug|Any CPU
		Release|Any CPU = Release|Any CPU
	EndGlobalSection
	GlobalSection(ProjectConfigurationPlatforms) = postSolution
		{26E58A3C-FE33-4012-8A4F-BBE6DFD9BE2E}.Debug|Any CPU.ActiveCfg = Debug|Any CPU
		{26E58A3C-FE33-4012-8A4F-BBE6DFD9BE2E}.Debug|Any CPU.Build.0 = Debug|Any CPU
		{26E58A3C-FE33-4012-8A4F-BBE6DFD9BE2E}.Release|Any CPU.ActiveCfg = Release|Any CPU
		{26E58A3C-FE33-4012-8A4F-BBE6DFD9BE2E}.Release|Any CPU.Build.0 = Release|Any CPU
	EndGlobalSection
	GlobalSection(SolutionProperties) = preSolution
		HideSolutionNode = FALSE
	EndGlobalSection
	GlobalSection(ExtensibilityGlobals) = postSolution
		SolutionGuid = {900936A5-2088-4F89-A12C-8B957B5BB8CC}
	EndGlobalSection
EndGlobal
