
Microsoft Visual Studio Solution File, Format Version 12.00
# Visual Studio Version 17
VisualStudioVersion = 17.4.33122.133
MinimumVisualStudioVersion = 10.0.40219.1
Project("{FAE04EC0-301F-11D3-BF4B-00C04F79EFBC}") = "Task10", "Task10\Task10.csproj", "{532876B7-2FFA-4CC5-944F-BCF8C6552BF2}"
EndProject
Global
	GlobalSection(SolutionConfigurationPlatforms) = preSolution
		Debug|Any CPU = Debug|Any CPU
		Release|Any CPU = Release|Any CPU
	EndGlobalSection
	GlobalSection(ProjectConfigurationPlatforms) = postSolution
		{532876B7-2FFA-4CC5-944F-BCF8C6552BF2}.Debug|Any CPU.ActiveCfg = Debug|Any CPU
		{532876B7-2FFA-4CC5-944F-BCF8C6552BF2}.Debug|Any CPU.Build.0 = Debug|Any CPU
		{532876B7-2FFA-4CC5-944F-BCF8C6552BF2}.Release|Any CPU.ActiveCfg = Release|Any CPU
		{532876B7-2FFA-4CC5-944F-BCF8C6552BF2}.Release|Any CPU.Build.0 = Release|Any CPU
	EndGlobalSection
	GlobalSection(SolutionProperties) = preSolution
		HideSolutionNode = FALSE
	EndGlobalSection
	GlobalSection(ExtensibilityGlobals) = postSolution
		SolutionGuid = {74FA7D0F-B0F0-48EA-BC3F-2D1A175646A5}
	EndGlobalSection
EndGlobal
