
Microsoft Visual Studio Solution File, Format Version 12.00
# Visual Studio Version 17
VisualStudioVersion = 17.4.33122.133
MinimumVisualStudioVersion = 10.0.40219.1
Project("{FAE04EC0-301F-11D3-BF4B-00C04F79EFBC}") = "EnvironmentsExample", "EnvironmentsExample\EnvironmentsExample.csproj", "{444FF965-1D13-4F3C-A892-30E865781B6E}"
EndProject
Global
	GlobalSection(SolutionConfigurationPlatforms) = preSolution
		Debug|Any CPU = Debug|Any CPU
		Release|Any CPU = Release|Any CPU
	EndGlobalSection
	GlobalSection(ProjectConfigurationPlatforms) = postSolution
		{444FF965-1D13-4F3C-A892-30E865781B6E}.Debug|Any CPU.ActiveCfg = Debug|Any CPU
		{444FF965-1D13-4F3C-A892-30E865781B6E}.Debug|Any CPU.Build.0 = Debug|Any CPU
		{444FF965-1D13-4F3C-A892-30E865781B6E}.Release|Any CPU.ActiveCfg = Release|Any CPU
		{444FF965-1D13-4F3C-A892-30E865781B6E}.Release|Any CPU.Build.0 = Release|Any CPU
	EndGlobalSection
	GlobalSection(SolutionProperties) = preSolution
		HideSolutionNode = FALSE
	EndGlobalSection
	GlobalSection(ExtensibilityGlobals) = postSolution
		SolutionGuid = {4F347DD8-BA74-4EE1-865D-15EC6820D8BD}
	EndGlobalSection
EndGlobal
