
Microsoft Visual Studio Solution File, Format Version 12.00
# Visual Studio Version 17
VisualStudioVersion = 17.4.33122.133
MinimumVisualStudioVersion = 10.0.40219.1
Project("{FAE04EC0-301F-11D3-BF4B-00C04F79EFBC}") = "InterfacesExample", "InterfacesExample\InterfacesExample.csproj", "{E44B9632-ABC1-46FC-8F08-D23877801D31}"
EndProject
Project("{FAE04EC0-301F-11D3-BF4B-00C04F79EFBC}") = "Class", "Employee\Class.csproj", "{84D904DB-16F1-4817-8B5B-FDC79133BC87}"
EndProject
Global
	GlobalSection(SolutionConfigurationPlatforms) = preSolution
		Debug|Any CPU = Debug|Any CPU
		Release|Any CPU = Release|Any CPU
	EndGlobalSection
	GlobalSection(ProjectConfigurationPlatforms) = postSolution
		{E44B9632-ABC1-46FC-8F08-D23877801D31}.Debug|Any CPU.ActiveCfg = Debug|Any CPU
		{E44B9632-ABC1-46FC-8F08-D23877801D31}.Debug|Any CPU.Build.0 = Debug|Any CPU
		{E44B9632-ABC1-46FC-8F08-D23877801D31}.Release|Any CPU.ActiveCfg = Release|Any CPU
		{E44B9632-ABC1-46FC-8F08-D23877801D31}.Release|Any CPU.Build.0 = Release|Any CPU
		{84D904DB-16F1-4817-8B5B-FDC79133BC87}.Debug|Any CPU.ActiveCfg = Debug|Any CPU
		{84D904DB-16F1-4817-8B5B-FDC79133BC87}.Debug|Any CPU.Build.0 = Debug|Any CPU
		{84D904DB-16F1-4817-8B5B-FDC79133BC87}.Release|Any CPU.ActiveCfg = Release|Any CPU
		{84D904DB-16F1-4817-8B5B-FDC79133BC87}.Release|Any CPU.Build.0 = Release|Any CPU
	EndGlobalSection
	GlobalSection(SolutionProperties) = preSolution
		HideSolutionNode = FALSE
	EndGlobalSection
	GlobalSection(ExtensibilityGlobals) = postSolution
		SolutionGuid = {CD902062-A0B6-4413-9B51-DDA24F7B842B}
	EndGlobalSection
EndGlobal
