
Microsoft Visual Studio Solution File, Format Version 12.00
# Visual Studio Version 17
VisualStudioVersion = 17.4.33122.133
MinimumVisualStudioVersion = 10.0.40219.1
Project("{FAE04EC0-301F-11D3-BF4B-00C04F79EFBC}") = "DeepCopyExample", "DeepCopyExample\DeepCopyExample.csproj", "{B7C87175-55F1-4D42-BBC9-1E032607FA2D}"
EndProject
Global
	GlobalSection(SolutionConfigurationPlatforms) = preSolution
		Debug|Any CPU = Debug|Any CPU
		Release|Any CPU = Release|Any CPU
	EndGlobalSection
	GlobalSection(ProjectConfigurationPlatforms) = postSolution
		{B7C87175-55F1-4D42-BBC9-1E032607FA2D}.Debug|Any CPU.ActiveCfg = Debug|Any CPU
		{B7C87175-55F1-4D42-BBC9-1E032607FA2D}.Debug|Any CPU.Build.0 = Debug|Any CPU
		{B7C87175-55F1-4D42-BBC9-1E032607FA2D}.Release|Any CPU.ActiveCfg = Release|Any CPU
		{B7C87175-55F1-4D42-BBC9-1E032607FA2D}.Release|Any CPU.Build.0 = Release|Any CPU
	EndGlobalSection
	GlobalSection(SolutionProperties) = preSolution
		HideSolutionNode = FALSE
	EndGlobalSection
	GlobalSection(ExtensibilityGlobals) = postSolution
		SolutionGuid = {75037DE4-87EF-4FE0-AB9C-FC99D395553C}
	EndGlobalSection
EndGlobal
