
Microsoft Visual Studio Solution File, Format Version 12.00
# Visual Studio Version 17
VisualStudioVersion = 17.4.33122.133
MinimumVisualStudioVersion = 10.0.40219.1
Project("{FAE04EC0-301F-11D3-BF4B-00C04F79EFBC}") = "SingleCastDelegatesExample", "SingleCastDelegatesExample\SingleCastDelegatesExample.csproj", "{C8E977BD-A86C-48DC-AD26-C21F8BC42EE7}"
EndProject
Project("{FAE04EC0-301F-11D3-BF4B-00C04F79EFBC}") = "ClassLibrary1", "ClassLibrary1\ClassLibrary1.csproj", "{3546EF3A-4ECF-47CE-8D05-5F054876274F}"
EndProject
Global
	GlobalSection(SolutionConfigurationPlatforms) = preSolution
		Debug|Any CPU = Debug|Any CPU
		Release|Any CPU = Release|Any CPU
	EndGlobalSection
	GlobalSection(ProjectConfigurationPlatforms) = postSolution
		{C8E977BD-A86C-48DC-AD26-C21F8BC42EE7}.Debug|Any CPU.ActiveCfg = Debug|Any CPU
		{C8E977BD-A86C-48DC-AD26-C21F8BC42EE7}.Debug|Any CPU.Build.0 = Debug|Any CPU
		{C8E977BD-A86C-48DC-AD26-C21F8BC42EE7}.Release|Any CPU.ActiveCfg = Release|Any CPU
		{C8E977BD-A86C-48DC-AD26-C21F8BC42EE7}.Release|Any CPU.Build.0 = Release|Any CPU
		{3546EF3A-4ECF-47CE-8D05-5F054876274F}.Debug|Any CPU.ActiveCfg = Debug|Any CPU
		{3546EF3A-4ECF-47CE-8D05-5F054876274F}.Debug|Any CPU.Build.0 = Debug|Any CPU
		{3546EF3A-4ECF-47CE-8D05-5F054876274F}.Release|Any CPU.ActiveCfg = Release|Any CPU
		{3546EF3A-4ECF-47CE-8D05-5F054876274F}.Release|Any CPU.Build.0 = Release|Any CPU
	EndGlobalSection
	GlobalSection(SolutionProperties) = preSolution
		HideSolutionNode = FALSE
	EndGlobalSection
	GlobalSection(ExtensibilityGlobals) = postSolution
		SolutionGuid = {EA65FC50-2ACD-4095-A715-8300BD3FD9A4}
	EndGlobalSection
EndGlobal
