
Microsoft Visual Studio Solution File, Format Version 12.00
# Visual Studio Version 17
VisualStudioVersion = 17.4.33122.133
MinimumVisualStudioVersion = 10.0.40219.1
Project("{FAE04EC0-301F-11D3-BF4B-00C04F79EFBC}") = "ArrayMethodsExample", "ArrayMethodsExample\ArrayMethodsExample.csproj", "{59663740-D5BE-41BB-B8DE-5830927196A8}"
EndProject
Project("{FAE04EC0-301F-11D3-BF4B-00C04F79EFBC}") = "ClassLibrary1", "ClassLibrary1\ClassLibrary1.csproj", "{A105E083-2649-4CCA-8B31-E3E38EE4B620}"
EndProject
Global
	GlobalSection(SolutionConfigurationPlatforms) = preSolution
		Debug|Any CPU = Debug|Any CPU
		Release|Any CPU = Release|Any CPU
	EndGlobalSection
	GlobalSection(ProjectConfigurationPlatforms) = postSolution
		{59663740-D5BE-41BB-B8DE-5830927196A8}.Debug|Any CPU.ActiveCfg = Debug|Any CPU
		{59663740-D5BE-41BB-B8DE-5830927196A8}.Debug|Any CPU.Build.0 = Debug|Any CPU
		{59663740-D5BE-41BB-B8DE-5830927196A8}.Release|Any CPU.ActiveCfg = Release|Any CPU
		{59663740-D5BE-41BB-B8DE-5830927196A8}.Release|Any CPU.Build.0 = Release|Any CPU
		{A105E083-2649-4CCA-8B31-E3E38EE4B620}.Debug|Any CPU.ActiveCfg = Debug|Any CPU
		{A105E083-2649-4CCA-8B31-E3E38EE4B620}.Debug|Any CPU.Build.0 = Debug|Any CPU
		{A105E083-2649-4CCA-8B31-E3E38EE4B620}.Release|Any CPU.ActiveCfg = Release|Any CPU
		{A105E083-2649-4CCA-8B31-E3E38EE4B620}.Release|Any CPU.Build.0 = Release|Any CPU
	EndGlobalSection
	GlobalSection(SolutionProperties) = preSolution
		HideSolutionNode = FALSE
	EndGlobalSection
	GlobalSection(ExtensibilityGlobals) = postSolution
		SolutionGuid = {38C2C529-7A32-4C3A-8A7C-A19DA196E4B9}
	EndGlobalSection
EndGlobal
