
Microsoft Visual Studio Solution File, Format Version 12.00
# Visual Studio Version 17
VisualStudioVersion = 17.4.33122.133
MinimumVisualStudioVersion = 10.0.40219.1
Project("{FAE04EC0-301F-11D3-BF4B-00C04F79EFBC}") = "MultipleDelegatesExample", "MultipleDelegatesExample\MultipleDelegatesExample.csproj", "{CFF696F9-B017-4E7D-BD03-8D2E0B1C4668}"
EndProject
Project("{FAE04EC0-301F-11D3-BF4B-00C04F79EFBC}") = "ClassLibraryExample", "ClassLibraryExample\ClassLibraryExample.csproj", "{8A6F1DF5-2F8D-4966-8D92-25144ED8902D}"
EndProject
Global
	GlobalSection(SolutionConfigurationPlatforms) = preSolution
		Debug|Any CPU = Debug|Any CPU
		Release|Any CPU = Release|Any CPU
	EndGlobalSection
	GlobalSection(ProjectConfigurationPlatforms) = postSolution
		{CFF696F9-B017-4E7D-BD03-8D2E0B1C4668}.Debug|Any CPU.ActiveCfg = Debug|Any CPU
		{CFF696F9-B017-4E7D-BD03-8D2E0B1C4668}.Debug|Any CPU.Build.0 = Debug|Any CPU
		{CFF696F9-B017-4E7D-BD03-8D2E0B1C4668}.Release|Any CPU.ActiveCfg = Release|Any CPU
		{CFF696F9-B017-4E7D-BD03-8D2E0B1C4668}.Release|Any CPU.Build.0 = Release|Any CPU
		{8A6F1DF5-2F8D-4966-8D92-25144ED8902D}.Debug|Any CPU.ActiveCfg = Debug|Any CPU
		{8A6F1DF5-2F8D-4966-8D92-25144ED8902D}.Debug|Any CPU.Build.0 = Debug|Any CPU
		{8A6F1DF5-2F8D-4966-8D92-25144ED8902D}.Release|Any CPU.ActiveCfg = Release|Any CPU
		{8A6F1DF5-2F8D-4966-8D92-25144ED8902D}.Release|Any CPU.Build.0 = Release|Any CPU
	EndGlobalSection
	GlobalSection(SolutionProperties) = preSolution
		HideSolutionNode = FALSE
	EndGlobalSection
	GlobalSection(ExtensibilityGlobals) = postSolution
		SolutionGuid = {8B88BAF5-7B02-4FA0-9D01-B5F9AB231486}
	EndGlobalSection
EndGlobal
