
Microsoft Visual Studio Solution File, Format Version 12.00
# Visual Studio Version 17
VisualStudioVersion = 17.4.33122.133
MinimumVisualStudioVersion = 10.0.40219.1
Project("{9A19103F-16F7-4668-BE54-9A1E7A4F7556}") = "Task22", "Task22\Task22.csproj", "{05CDB85C-8DD5-4EA8-A532-FEB1C85DBB70}"
EndProject
Project("{9A19103F-16F7-4668-BE54-9A1E7A4F7556}") = "ServiceContracts", "ServiceContracts\ServiceContracts.csproj", "{CA385B73-11F2-4CBE-9896-8CD915B77532}"
EndProject
Project("{9A19103F-16F7-4668-BE54-9A1E7A4F7556}") = "Services", "Services\Services.csproj", "{42F4331F-AD37-4798-8CF7-910B9D235AC8}"
EndProject
Project("{9A19103F-16F7-4668-BE54-9A1E7A4F7556}") = "Models", "Models\Models.csproj", "{AE2947CD-64CF-4189-AD75-B438DA2F7854}"
EndProject
Global
	GlobalSection(SolutionConfigurationPlatforms) = preSolution
		Debug|Any CPU = Debug|Any CPU
		Release|Any CPU = Release|Any CPU
	EndGlobalSection
	GlobalSection(ProjectConfigurationPlatforms) = postSolution
		{05CDB85C-8DD5-4EA8-A532-FEB1C85DBB70}.Debug|Any CPU.ActiveCfg = Debug|Any CPU
		{05CDB85C-8DD5-4EA8-A532-FEB1C85DBB70}.Debug|Any CPU.Build.0 = Debug|Any CPU
		{05CDB85C-8DD5-4EA8-A532-FEB1C85DBB70}.Release|Any CPU.ActiveCfg = Release|Any CPU
		{05CDB85C-8DD5-4EA8-A532-FEB1C85DBB70}.Release|Any CPU.Build.0 = Release|Any CPU
		{CA385B73-11F2-4CBE-9896-8CD915B77532}.Debug|Any CPU.ActiveCfg = Debug|Any CPU
		{CA385B73-11F2-4CBE-9896-8CD915B77532}.Debug|Any CPU.Build.0 = Debug|Any CPU
		{CA385B73-11F2-4CBE-9896-8CD915B77532}.Release|Any CPU.ActiveCfg = Release|Any CPU
		{CA385B73-11F2-4CBE-9896-8CD915B77532}.Release|Any CPU.Build.0 = Release|Any CPU
		{42F4331F-AD37-4798-8CF7-910B9D235AC8}.Debug|Any CPU.ActiveCfg = Debug|Any CPU
		{42F4331F-AD37-4798-8CF7-910B9D235AC8}.Debug|Any CPU.Build.0 = Debug|Any CPU
		{42F4331F-AD37-4798-8CF7-910B9D235AC8}.Release|Any CPU.ActiveCfg = Release|Any CPU
		{42F4331F-AD37-4798-8CF7-910B9D235AC8}.Release|Any CPU.Build.0 = Release|Any CPU
		{AE2947CD-64CF-4189-AD75-B438DA2F7854}.Debug|Any CPU.ActiveCfg = Debug|Any CPU
		{AE2947CD-64CF-4189-AD75-B438DA2F7854}.Debug|Any CPU.Build.0 = Debug|Any CPU
		{AE2947CD-64CF-4189-AD75-B438DA2F7854}.Release|Any CPU.ActiveCfg = Release|Any CPU
		{AE2947CD-64CF-4189-AD75-B438DA2F7854}.Release|Any CPU.Build.0 = Release|Any CPU
	EndGlobalSection
	GlobalSection(SolutionProperties) = preSolution
		HideSolutionNode = FALSE
	EndGlobalSection
	GlobalSection(ExtensibilityGlobals) = postSolution
		SolutionGuid = {F40466F2-369B-40B9-A2DB-92F23988BB1C}
	EndGlobalSection
EndGlobal
