
Microsoft Visual Studio Solution File, Format Version 12.00
# Visual Studio Version 17
VisualStudioVersion = 17.4.33122.133
MinimumVisualStudioVersion = 10.0.40219.1
Project("{FAE04EC0-301F-11D3-BF4B-00C04F79EFBC}") = "OctalExample", "OctalExample\OctalExample.csproj", "{4E7B4301-6AB0-44E9-AE7D-5DC065D378FD}"
EndProject
Global
	GlobalSection(SolutionConfigurationPlatforms) = preSolution
		Debug|Any CPU = Debug|Any CPU
		Release|Any CPU = Release|Any CPU
	EndGlobalSection
	GlobalSection(ProjectConfigurationPlatforms) = postSolution
		{4E7B4301-6AB0-44E9-AE7D-5DC065D378FD}.Debug|Any CPU.ActiveCfg = Debug|Any CPU
		{4E7B4301-6AB0-44E9-AE7D-5DC065D378FD}.Debug|Any CPU.Build.0 = Debug|Any CPU
		{4E7B4301-6AB0-44E9-AE7D-5DC065D378FD}.Release|Any CPU.ActiveCfg = Release|Any CPU
		{4E7B4301-6AB0-44E9-AE7D-5DC065D378FD}.Release|Any CPU.Build.0 = Release|Any CPU
	EndGlobalSection
	GlobalSection(SolutionProperties) = preSolution
		HideSolutionNode = FALSE
	EndGlobalSection
	GlobalSection(ExtensibilityGlobals) = postSolution
		SolutionGuid = {86D468D1-1B4C-405E-BC22-9D22990CD81F}
	EndGlobalSection
EndGlobal
