
Microsoft Visual Studio Solution File, Format Version 12.00
# Visual Studio Version 17
VisualStudioVersion = 17.4.33122.133
MinimumVisualStudioVersion = 10.0.40219.1
Project("{FAE04EC0-301F-11D3-BF4B-00C04F79EFBC}") = "ModelValidationsExample", "ModelValidationsExample\ModelValidationsExample.csproj", "{6083983D-018F-49A6-9E58-D233335B0499}"
EndProject
Global
	GlobalSection(SolutionConfigurationPlatforms) = preSolution
		Debug|Any CPU = Debug|Any CPU
		Release|Any CPU = Release|Any CPU
	EndGlobalSection
	GlobalSection(ProjectConfigurationPlatforms) = postSolution
		{6083983D-018F-49A6-9E58-D233335B0499}.Debug|Any CPU.ActiveCfg = Debug|Any CPU
		{6083983D-018F-49A6-9E58-D233335B0499}.Debug|Any CPU.Build.0 = Debug|Any CPU
		{6083983D-018F-49A6-9E58-D233335B0499}.Release|Any CPU.ActiveCfg = Release|Any CPU
		{6083983D-018F-49A6-9E58-D233335B0499}.Release|Any CPU.Build.0 = Release|Any CPU
	EndGlobalSection
	GlobalSection(SolutionProperties) = preSolution
		HideSolutionNode = FALSE
	EndGlobalSection
	GlobalSection(ExtensibilityGlobals) = postSolution
		SolutionGuid = {1F8A2A38-217E-43DD-8634-AEE83310C87C}
	EndGlobalSection
EndGlobal
