
Microsoft Visual Studio Solution File, Format Version 12.00
# Visual Studio Version 17
VisualStudioVersion = 17.4.33122.133
MinimumVisualStudioVersion = 10.0.40219.1
Project("{FAE04EC0-301F-11D3-BF4B-00C04F79EFBC}") = "DictionaryExample", "DictionaryExample\DictionaryExample.csproj", "{F8E22B3A-9CDC-421D-80EF-0F400282B919}"
EndProject
Global
	GlobalSection(SolutionConfigurationPlatforms) = preSolution
		Debug|Any CPU = Debug|Any CPU
		Release|Any CPU = Release|Any CPU
	EndGlobalSection
	GlobalSection(ProjectConfigurationPlatforms) = postSolution
		{F8E22B3A-9CDC-421D-80EF-0F400282B919}.Debug|Any CPU.ActiveCfg = Debug|Any CPU
		{F8E22B3A-9CDC-421D-80EF-0F400282B919}.Debug|Any CPU.Build.0 = Debug|Any CPU
		{F8E22B3A-9CDC-421D-80EF-0F400282B919}.Release|Any CPU.ActiveCfg = Release|Any CPU
		{F8E22B3A-9CDC-421D-80EF-0F400282B919}.Release|Any CPU.Build.0 = Release|Any CPU
	EndGlobalSection
	GlobalSection(SolutionProperties) = preSolution
		HideSolutionNode = FALSE
	EndGlobalSection
	GlobalSection(ExtensibilityGlobals) = postSolution
		SolutionGuid = {ECA276D2-0AA8-4E5F-94B7-DF6D43B428DF}
	EndGlobalSection
EndGlobal
