
Microsoft Visual Studio Solution File, Format Version 12.00
# Visual Studio Version 17
VisualStudioVersion = 17.4.33122.133
MinimumVisualStudioVersion = 10.0.40219.1
Project("{FAE04EC0-301F-11D3-BF4B-00C04F79EFBC}") = "OneToManyExample", "OneToManyExample\OneToManyExample.csproj", "{461163E7-1D68-4DDD-95E7-8B500DF2FC02}"
EndProject
Project("{FAE04EC0-301F-11D3-BF4B-00C04F79EFBC}") = "ClassLibrary1", "ClassLibrary1\ClassLibrary1.csproj", "{2CE849F5-F13B-4415-8AE7-C9ED8E086B0A}"
EndProject
Global
	GlobalSection(SolutionConfigurationPlatforms) = preSolution
		Debug|Any CPU = Debug|Any CPU
		Release|Any CPU = Release|Any CPU
	EndGlobalSection
	GlobalSection(ProjectConfigurationPlatforms) = postSolution
		{461163E7-1D68-4DDD-95E7-8B500DF2FC02}.Debug|Any CPU.ActiveCfg = Debug|Any CPU
		{461163E7-1D68-4DDD-95E7-8B500DF2FC02}.Debug|Any CPU.Build.0 = Debug|Any CPU
		{461163E7-1D68-4DDD-95E7-8B500DF2FC02}.Release|Any CPU.ActiveCfg = Release|Any CPU
		{461163E7-1D68-4DDD-95E7-8B500DF2FC02}.Release|Any CPU.Build.0 = Release|Any CPU
		{2CE849F5-F13B-4415-8AE7-C9ED8E086B0A}.Debug|Any CPU.ActiveCfg = Debug|Any CPU
		{2CE849F5-F13B-4415-8AE7-C9ED8E086B0A}.Debug|Any CPU.Build.0 = Debug|Any CPU
		{2CE849F5-F13B-4415-8AE7-C9ED8E086B0A}.Release|Any CPU.ActiveCfg = Release|Any CPU
		{2CE849F5-F13B-4415-8AE7-C9ED8E086B0A}.Release|Any CPU.Build.0 = Release|Any CPU
	EndGlobalSection
	GlobalSection(SolutionProperties) = preSolution
		HideSolutionNode = FALSE
	EndGlobalSection
	GlobalSection(ExtensibilityGlobals) = postSolution
		SolutionGuid = {EA4C2D75-83EA-460D-8256-C6AF184CB460}
	EndGlobalSection
EndGlobal
