
Microsoft Visual Studio Solution File, Format Version 12.00
# Visual Studio Version 17
VisualStudioVersion = 17.4.33110.190
MinimumVisualStudioVersion = 10.0.40219.1
Project("{FAE04EC0-301F-11D3-BF4B-00C04F79EFBC}") = "ConsoleApp1", "ConsoleApp1\ConsoleApp1.csproj", "{56B220AE-AC66-4198-82DC-D7F883336977}"
EndProject
Project("{FAE04EC0-301F-11D3-BF4B-00C04F79EFBC}") = "ClassLibrary1", "ClassLibrary1\ClassLibrary1.csproj", "{C5180330-162B-4E20-BCDA-D268EBD95B0A}"
EndProject
Global
	GlobalSection(SolutionConfigurationPlatforms) = preSolution
		Debug|Any CPU = Debug|Any CPU
		Release|Any CPU = Release|Any CPU
	EndGlobalSection
	GlobalSection(ProjectConfigurationPlatforms) = postSolution
		{56B220AE-AC66-4198-82DC-D7F883336977}.Debug|Any CPU.ActiveCfg = Debug|Any CPU
		{56B220AE-AC66-4198-82DC-D7F883336977}.Debug|Any CPU.Build.0 = Debug|Any CPU
		{56B220AE-AC66-4198-82DC-D7F883336977}.Release|Any CPU.ActiveCfg = Release|Any CPU
		{56B220AE-AC66-4198-82DC-D7F883336977}.Release|Any CPU.Build.0 = Release|Any CPU
		{C5180330-162B-4E20-BCDA-D268EBD95B0A}.Debug|Any CPU.ActiveCfg = Debug|Any CPU
		{C5180330-162B-4E20-BCDA-D268EBD95B0A}.Debug|Any CPU.Build.0 = Debug|Any CPU
		{C5180330-162B-4E20-BCDA-D268EBD95B0A}.Release|Any CPU.ActiveCfg = Release|Any CPU
		{C5180330-162B-4E20-BCDA-D268EBD95B0A}.Release|Any CPU.Build.0 = Release|Any CPU
	EndGlobalSection
	GlobalSection(SolutionProperties) = preSolution
		HideSolutionNode = FALSE
	EndGlobalSection
	GlobalSection(ExtensibilityGlobals) = postSolution
		SolutionGuid = {0A5E3B1D-9FE5-4FD3-8DB5-CFEBE1AC55D2}
	EndGlobalSection
EndGlobal
