
Microsoft Visual Studio Solution File, Format Version 12.00
# Visual Studio Version 17
VisualStudioVersion = 17.4.33122.133
MinimumVisualStudioVersion = 10.0.40219.1
Project("{FAE04EC0-301F-11D3-BF4B-00C04F79EFBC}") = "PartialMethodsClassExample", "PartialMethodsClassExample\PartialMethodsClassExample.csproj", "{DCF49315-AC7A-412E-8667-5B20A4802DBF}"
EndProject
Global
	GlobalSection(SolutionConfigurationPlatforms) = preSolution
		Debug|Any CPU = Debug|Any CPU
		Release|Any CPU = Release|Any CPU
	EndGlobalSection
	GlobalSection(ProjectConfigurationPlatforms) = postSolution
		{DCF49315-AC7A-412E-8667-5B20A4802DBF}.Debug|Any CPU.ActiveCfg = Debug|Any CPU
		{DCF49315-AC7A-412E-8667-5B20A4802DBF}.Debug|Any CPU.Build.0 = Debug|Any CPU
		{DCF49315-AC7A-412E-8667-5B20A4802DBF}.Release|Any CPU.ActiveCfg = Release|Any CPU
		{DCF49315-AC7A-412E-8667-5B20A4802DBF}.Release|Any CPU.Build.0 = Release|Any CPU
	EndGlobalSection
	GlobalSection(SolutionProperties) = preSolution
		HideSolutionNode = FALSE
	EndGlobalSection
	GlobalSection(ExtensibilityGlobals) = postSolution
		SolutionGuid = {571951C8-DA09-470D-829D-FBC67EA69862}
	EndGlobalSection
EndGlobal
