
Microsoft Visual Studio Solution File, Format Version 12.00
# Visual Studio Version 17
VisualStudioVersion = 17.4.33122.133
MinimumVisualStudioVersion = 10.0.40219.1
Project("{FAE04EC0-301F-11D3-BF4B-00C04F79EFBC}") = "GlobalUsingExamples", "GlobalUsingExamples\GlobalUsingExamples.csproj", "{8C2AC930-860B-4715-8937-B8192C9D72DB}"
EndProject
Global
	GlobalSection(SolutionConfigurationPlatforms) = preSolution
		Debug|Any CPU = Debug|Any CPU
		Release|Any CPU = Release|Any CPU
	EndGlobalSection
	GlobalSection(ProjectConfigurationPlatforms) = postSolution
		{8C2AC930-860B-4715-8937-B8192C9D72DB}.Debug|Any CPU.ActiveCfg = Debug|Any CPU
		{8C2AC930-860B-4715-8937-B8192C9D72DB}.Debug|Any CPU.Build.0 = Debug|Any CPU
		{8C2AC930-860B-4715-8937-B8192C9D72DB}.Release|Any CPU.ActiveCfg = Release|Any CPU
		{8C2AC930-860B-4715-8937-B8192C9D72DB}.Release|Any CPU.Build.0 = Release|Any CPU
	EndGlobalSection
	GlobalSection(SolutionProperties) = preSolution
		HideSolutionNode = FALSE
	EndGlobalSection
	GlobalSection(ExtensibilityGlobals) = postSolution
		SolutionGuid = {95BA92C1-AE71-4F36-B3FD-FD8A9275366E}
	EndGlobalSection
EndGlobal
