
Microsoft Visual Studio Solution File, Format Version 12.00
# Visual Studio Version 17
VisualStudioVersion = 17.4.33122.133
MinimumVisualStudioVersion = 10.0.40219.1
Project("{FAE04EC0-301F-11D3-BF4B-00C04F79EFBC}") = "CrudExample", "CrudExample\CrudExample.csproj", "{02340A8A-DA6A-4F41-8832-56C3BD5D1FA5}"
EndProject
Project("{FAE04EC0-301F-11D3-BF4B-00C04F79EFBC}") = "CrudTests", "CrudTests\CrudTests.csproj", "{6B03D04C-51FF-4009-934E-E92771A064F5}"
EndProject
Global
	GlobalSection(SolutionConfigurationPlatforms) = preSolution
		Debug|Any CPU = Debug|Any CPU
		Release|Any CPU = Release|Any CPU
	EndGlobalSection
	GlobalSection(ProjectConfigurationPlatforms) = postSolution
		{02340A8A-DA6A-4F41-8832-56C3BD5D1FA5}.Debug|Any CPU.ActiveCfg = Debug|Any CPU
		{02340A8A-DA6A-4F41-8832-56C3BD5D1FA5}.Debug|Any CPU.Build.0 = Debug|Any CPU
		{02340A8A-DA6A-4F41-8832-56C3BD5D1FA5}.Release|Any CPU.ActiveCfg = Release|Any CPU
		{02340A8A-DA6A-4F41-8832-56C3BD5D1FA5}.Release|Any CPU.Build.0 = Release|Any CPU
		{6B03D04C-51FF-4009-934E-E92771A064F5}.Debug|Any CPU.ActiveCfg = Debug|Any CPU
		{6B03D04C-51FF-4009-934E-E92771A064F5}.Debug|Any CPU.Build.0 = Debug|Any CPU
		{6B03D04C-51FF-4009-934E-E92771A064F5}.Release|Any CPU.ActiveCfg = Release|Any CPU
		{6B03D04C-51FF-4009-934E-E92771A064F5}.Release|Any CPU.Build.0 = Release|Any CPU
	EndGlobalSection
	GlobalSection(SolutionProperties) = preSolution
		HideSolutionNode = FALSE
	EndGlobalSection
	GlobalSection(ExtensibilityGlobals) = postSolution
		SolutionGuid = {742DF91C-5045-47A0-B69F-DA3C8549E384}
	EndGlobalSection
EndGlobal
