
Microsoft Visual Studio Solution File, Format Version 12.00
# Visual Studio Version 17
VisualStudioVersion = 17.4.33122.133
MinimumVisualStudioVersion = 10.0.40219.1
Project("{FAE04EC0-301F-11D3-BF4B-00C04F79EFBC}") = "EnumExample", "EnumExample\EnumExample.csproj", "{2C206187-4BCD-4E7E-85C1-DE6A7417B68C}"
EndProject
Project("{FAE04EC0-301F-11D3-BF4B-00C04F79EFBC}") = "ClassLibrary1", "ClassLibrary1\ClassLibrary1.csproj", "{2E7F04C9-BB47-454C-A578-D7FCDB1967B1}"
EndProject
Global
	GlobalSection(SolutionConfigurationPlatforms) = preSolution
		Debug|Any CPU = Debug|Any CPU
		Release|Any CPU = Release|Any CPU
	EndGlobalSection
	GlobalSection(ProjectConfigurationPlatforms) = postSolution
		{2C206187-4BCD-4E7E-85C1-DE6A7417B68C}.Debug|Any CPU.ActiveCfg = Debug|Any CPU
		{2C206187-4BCD-4E7E-85C1-DE6A7417B68C}.Debug|Any CPU.Build.0 = Debug|Any CPU
		{2C206187-4BCD-4E7E-85C1-DE6A7417B68C}.Release|Any CPU.ActiveCfg = Release|Any CPU
		{2C206187-4BCD-4E7E-85C1-DE6A7417B68C}.Release|Any CPU.Build.0 = Release|Any CPU
		{2E7F04C9-BB47-454C-A578-D7FCDB1967B1}.Debug|Any CPU.ActiveCfg = Debug|Any CPU
		{2E7F04C9-BB47-454C-A578-D7FCDB1967B1}.Debug|Any CPU.Build.0 = Debug|Any CPU
		{2E7F04C9-BB47-454C-A578-D7FCDB1967B1}.Release|Any CPU.ActiveCfg = Release|Any CPU
		{2E7F04C9-BB47-454C-A578-D7FCDB1967B1}.Release|Any CPU.Build.0 = Release|Any CPU
	EndGlobalSection
	GlobalSection(SolutionProperties) = preSolution
		HideSolutionNode = FALSE
	EndGlobalSection
	GlobalSection(ExtensibilityGlobals) = postSolution
		SolutionGuid = {EE9A1E46-8D97-4E2F-B800-A75C721B2D1F}
	EndGlobalSection
EndGlobal
