
Microsoft Visual Studio Solution File, Format Version 12.00
# Visual Studio Version 17
VisualStudioVersion = 17.4.33122.133
MinimumVisualStudioVersion = 10.0.40219.1
Project("{FAE04EC0-301F-11D3-BF4B-00C04F79EFBC}") = "ConsoleApp1", "ConsoleApp1\ConsoleApp1.csproj", "{F56978C9-0683-48F5-9879-85764C2D3C1D}"
EndProject
Project("{FAE04EC0-301F-11D3-BF4B-00C04F79EFBC}") = "ClassLibrary1", "ClassLibrary1\ClassLibrary1.csproj", "{E4127948-E368-44D2-B7EE-F84CC487186B}"
EndProject
Global
	GlobalSection(SolutionConfigurationPlatforms) = preSolution
		Debug|Any CPU = Debug|Any CPU
		Release|Any CPU = Release|Any CPU
	EndGlobalSection
	GlobalSection(ProjectConfigurationPlatforms) = postSolution
		{F56978C9-0683-48F5-9879-85764C2D3C1D}.Debug|Any CPU.ActiveCfg = Debug|Any CPU
		{F56978C9-0683-48F5-9879-85764C2D3C1D}.Debug|Any CPU.Build.0 = Debug|Any CPU
		{F56978C9-0683-48F5-9879-85764C2D3C1D}.Release|Any CPU.ActiveCfg = Release|Any CPU
		{F56978C9-0683-48F5-9879-85764C2D3C1D}.Release|Any CPU.Build.0 = Release|Any CPU
		{E4127948-E368-44D2-B7EE-F84CC487186B}.Debug|Any CPU.ActiveCfg = Debug|Any CPU
		{E4127948-E368-44D2-B7EE-F84CC487186B}.Debug|Any CPU.Build.0 = Debug|Any CPU
		{E4127948-E368-44D2-B7EE-F84CC487186B}.Release|Any CPU.ActiveCfg = Release|Any CPU
		{E4127948-E368-44D2-B7EE-F84CC487186B}.Release|Any CPU.Build.0 = Release|Any CPU
	EndGlobalSection
	GlobalSection(SolutionProperties) = preSolution
		HideSolutionNode = FALSE
	EndGlobalSection
	GlobalSection(ExtensibilityGlobals) = postSolution
		SolutionGuid = {E9F3207B-F006-47EE-8433-422DF419085F}
	EndGlobalSection
EndGlobal
