
Microsoft Visual Studio Solution File, Format Version 12.00
# Visual Studio Version 17
VisualStudioVersion = 17.4.33122.133
MinimumVisualStudioVersion = 10.0.40219.1
Project("{FAE04EC0-301F-11D3-BF4B-00C04F79EFBC}") = "FIleInfoExample", "FIleInfoExample\FIleInfoExample.csproj", "{A23FAD29-0F14-4CB5-A980-948A3102177E}"
EndProject
Global
	GlobalSection(SolutionConfigurationPlatforms) = preSolution
		Debug|Any CPU = Debug|Any CPU
		Release|Any CPU = Release|Any CPU
	EndGlobalSection
	GlobalSection(ProjectConfigurationPlatforms) = postSolution
		{A23FAD29-0F14-4CB5-A980-948A3102177E}.Debug|Any CPU.ActiveCfg = Debug|Any CPU
		{A23FAD29-0F14-4CB5-A980-948A3102177E}.Debug|Any CPU.Build.0 = Debug|Any CPU
		{A23FAD29-0F14-4CB5-A980-948A3102177E}.Release|Any CPU.ActiveCfg = Release|Any CPU
		{A23FAD29-0F14-4CB5-A980-948A3102177E}.Release|Any CPU.Build.0 = Release|Any CPU
	EndGlobalSection
	GlobalSection(SolutionProperties) = preSolution
		HideSolutionNode = FALSE
	EndGlobalSection
	GlobalSection(ExtensibilityGlobals) = postSolution
		SolutionGuid = {7DBE85FD-6EB7-4245-990F-53E333CC2A6C}
	EndGlobalSection
EndGlobal
