
Microsoft Visual Studio Solution File, Format Version 12.00
# Visual Studio Version 17
VisualStudioVersion = 17.4.33122.133
MinimumVisualStudioVersion = 10.0.40219.1
Project("{FAE04EC0-301F-11D3-BF4B-00C04F79EFBC}") = "FileExample", "FileExample\FileExample.csproj", "{ABB3BD8D-6B9A-4659-B06F-6AB6BBCE6052}"
EndProject
Global
	GlobalSection(SolutionConfigurationPlatforms) = preSolution
		Debug|Any CPU = Debug|Any CPU
		Release|Any CPU = Release|Any CPU
	EndGlobalSection
	GlobalSection(ProjectConfigurationPlatforms) = postSolution
		{ABB3BD8D-6B9A-4659-B06F-6AB6BBCE6052}.Debug|Any CPU.ActiveCfg = Debug|Any CPU
		{ABB3BD8D-6B9A-4659-B06F-6AB6BBCE6052}.Debug|Any CPU.Build.0 = Debug|Any CPU
		{ABB3BD8D-6B9A-4659-B06F-6AB6BBCE6052}.Release|Any CPU.ActiveCfg = Release|Any CPU
		{ABB3BD8D-6B9A-4659-B06F-6AB6BBCE6052}.Release|Any CPU.Build.0 = Release|Any CPU
	EndGlobalSection
	GlobalSection(SolutionProperties) = preSolution
		HideSolutionNode = FALSE
	EndGlobalSection
	GlobalSection(ExtensibilityGlobals) = postSolution
		SolutionGuid = {A26553A2-AEC9-4DBB-B2B4-7DD94A29939A}
	EndGlobalSection
EndGlobal
