
Microsoft Visual Studio Solution File, Format Version 12.00
# Visual Studio Version 17
VisualStudioVersion = 17.4.33122.133
MinimumVisualStudioVersion = 10.0.40219.1
Project("{FAE04EC0-301F-11D3-BF4B-00C04F79EFBC}") = "ModuleInitializersExample", "ModuleInitializersExample\ModuleInitializersExample.csproj", "{B912CBD0-C4C3-4BCC-BA76-C60B0658A952}"
EndProject
Project("{FAE04EC0-301F-11D3-BF4B-00C04F79EFBC}") = "ClassLibrary1", "ClassLibrary1\ClassLibrary1.csproj", "{D25E9F3E-427A-49A7-B041-C76612488202}"
EndProject
Global
	GlobalSection(SolutionConfigurationPlatforms) = preSolution
		Debug|Any CPU = Debug|Any CPU
		Release|Any CPU = Release|Any CPU
	EndGlobalSection
	GlobalSection(ProjectConfigurationPlatforms) = postSolution
		{B912CBD0-C4C3-4BCC-BA76-C60B0658A952}.Debug|Any CPU.ActiveCfg = Debug|Any CPU
		{B912CBD0-C4C3-4BCC-BA76-C60B0658A952}.Debug|Any CPU.Build.0 = Debug|Any CPU
		{B912CBD0-C4C3-4BCC-BA76-C60B0658A952}.Release|Any CPU.ActiveCfg = Release|Any CPU
		{B912CBD0-C4C3-4BCC-BA76-C60B0658A952}.Release|Any CPU.Build.0 = Release|Any CPU
		{D25E9F3E-427A-49A7-B041-C76612488202}.Debug|Any CPU.ActiveCfg = Debug|Any CPU
		{D25E9F3E-427A-49A7-B041-C76612488202}.Debug|Any CPU.Build.0 = Debug|Any CPU
		{D25E9F3E-427A-49A7-B041-C76612488202}.Release|Any CPU.ActiveCfg = Release|Any CPU
		{D25E9F3E-427A-49A7-B041-C76612488202}.Release|Any CPU.Build.0 = Release|Any CPU
	EndGlobalSection
	GlobalSection(SolutionProperties) = preSolution
		HideSolutionNode = FALSE
	EndGlobalSection
	GlobalSection(ExtensibilityGlobals) = postSolution
		SolutionGuid = {F4846D93-5AD4-4456-A025-A0FB8D9479BF}
	EndGlobalSection
EndGlobal
