
Microsoft Visual Studio Solution File, Format Version 12.00
# Visual Studio Version 17
VisualStudioVersion = 17.4.33122.133
MinimumVisualStudioVersion = 10.0.40219.1
Project("{9A19103F-16F7-4668-BE54-9A1E7A4F7556}") = "StockApp", "StockApp\StockApp.csproj", "{67699524-905A-460F-8326-C346860CEE49}"
EndProject
Project("{9A19103F-16F7-4668-BE54-9A1E7A4F7556}") = "Entities", "Entities\Entities.csproj", "{1E3C9FBD-DD14-4D51-9149-A8B6D4469437}"
EndProject
Project("{9A19103F-16F7-4668-BE54-9A1E7A4F7556}") = "ServiceContracts", "ServiceContracts\ServiceContracts.csproj", "{DBE7D7C2-6966-4726-A7BF-260ADBC7AF63}"
EndProject
Project("{9A19103F-16F7-4668-BE54-9A1E7A4F7556}") = "Services", "Services\Services.csproj", "{72E85E4D-D35B-46D6-8872-C3F63D30DF7A}"
EndProject
Project("{FAE04EC0-301F-11D3-BF4B-00C04F79EFBC}") = "Tests", "Tests\Tests.csproj", "{72D57356-2B64-4FB0-87E9-042F46963883}"
EndProject
Global
	GlobalSection(SolutionConfigurationPlatforms) = preSolution
		Debug|Any CPU = Debug|Any CPU
		Release|Any CPU = Release|Any CPU
	EndGlobalSection
	GlobalSection(ProjectConfigurationPlatforms) = postSolution
		{67699524-905A-460F-8326-C346860CEE49}.Debug|Any CPU.ActiveCfg = Debug|Any CPU
		{67699524-905A-460F-8326-C346860CEE49}.Debug|Any CPU.Build.0 = Debug|Any CPU
		{67699524-905A-460F-8326-C346860CEE49}.Release|Any CPU.ActiveCfg = Release|Any CPU
		{67699524-905A-460F-8326-C346860CEE49}.Release|Any CPU.Build.0 = Release|Any CPU
		{1E3C9FBD-DD14-4D51-9149-A8B6D4469437}.Debug|Any CPU.ActiveCfg = Debug|Any CPU
		{1E3C9FBD-DD14-4D51-9149-A8B6D4469437}.Debug|Any CPU.Build.0 = Debug|Any CPU
		{1E3C9FBD-DD14-4D51-9149-A8B6D4469437}.Release|Any CPU.ActiveCfg = Release|Any CPU
		{1E3C9FBD-DD14-4D51-9149-A8B6D4469437}.Release|Any CPU.Build.0 = Release|Any CPU
		{DBE7D7C2-6966-4726-A7BF-260ADBC7AF63}.Debug|Any CPU.ActiveCfg = Debug|Any CPU
		{DBE7D7C2-6966-4726-A7BF-260ADBC7AF63}.Debug|Any CPU.Build.0 = Debug|Any CPU
		{DBE7D7C2-6966-4726-A7BF-260ADBC7AF63}.Release|Any CPU.ActiveCfg = Release|Any CPU
		{DBE7D7C2-6966-4726-A7BF-260ADBC7AF63}.Release|Any CPU.Build.0 = Release|Any CPU
		{72E85E4D-D35B-46D6-8872-C3F63D30DF7A}.Debug|Any CPU.ActiveCfg = Debug|Any CPU
		{72E85E4D-D35B-46D6-8872-C3F63D30DF7A}.Debug|Any CPU.Build.0 = Debug|Any CPU
		{72E85E4D-D35B-46D6-8872-C3F63D30DF7A}.Release|Any CPU.ActiveCfg = Release|Any CPU
		{72E85E4D-D35B-46D6-8872-C3F63D30DF7A}.Release|Any CPU.Build.0 = Release|Any CPU
		{72D57356-2B64-4FB0-87E9-042F46963883}.Debug|Any CPU.ActiveCfg = Debug|Any CPU
		{72D57356-2B64-4FB0-87E9-042F46963883}.Debug|Any CPU.Build.0 = Debug|Any CPU
		{72D57356-2B64-4FB0-87E9-042F46963883}.Release|Any CPU.ActiveCfg = Release|Any CPU
		{72D57356-2B64-4FB0-87E9-042F46963883}.Release|Any CPU.Build.0 = Release|Any CPU
	EndGlobalSection
	GlobalSection(SolutionProperties) = preSolution
		HideSolutionNode = FALSE
	EndGlobalSection
	GlobalSection(ExtensibilityGlobals) = postSolution
		SolutionGuid = {A34FC851-ED17-45EA-A583-A9A923E33D50}
	EndGlobalSection
EndGlobal
