
Microsoft Visual Studio Solution File, Format Version 12.00
# Visual Studio Version 17
VisualStudioVersion = 17.4.33122.133
MinimumVisualStudioVersion = 10.0.40219.1
Project("{FAE04EC0-301F-11D3-BF4B-00C04F79EFBC}") = "SwitchExpression", "SwitchExpression\SwitchExpression.csproj", "{4B9254A6-33A3-4D89-8D10-A80044CA9DCF}"
EndProject
Global
	GlobalSection(SolutionConfigurationPlatforms) = preSolution
		Debug|Any CPU = Debug|Any CPU
		Release|Any CPU = Release|Any CPU
	EndGlobalSection
	GlobalSection(ProjectConfigurationPlatforms) = postSolution
		{4B9254A6-33A3-4D89-8D10-A80044CA9DCF}.Debug|Any CPU.ActiveCfg = Debug|Any CPU
		{4B9254A6-33A3-4D89-8D10-A80044CA9DCF}.Debug|Any CPU.Build.0 = Debug|Any CPU
		{4B9254A6-33A3-4D89-8D10-A80044CA9DCF}.Release|Any CPU.ActiveCfg = Release|Any CPU
		{4B9254A6-33A3-4D89-8D10-A80044CA9DCF}.Release|Any CPU.Build.0 = Release|Any CPU
	EndGlobalSection
	GlobalSection(SolutionProperties) = preSolution
		HideSolutionNode = FALSE
	EndGlobalSection
	GlobalSection(ExtensibilityGlobals) = postSolution
		SolutionGuid = {1B7F490A-DF3B-41A3-A66F-48236CE0E5D7}
	EndGlobalSection
EndGlobal
