
Microsoft Visual Studio Solution File, Format Version 12.00
# Visual Studio Version 17
VisualStudioVersion = 17.4.33122.133
MinimumVisualStudioVersion = 10.0.40219.1
Project("{FAE04EC0-301F-11D3-BF4B-00C04F79EFBC}") = "ModelBindingAndValidations", "ModelBindingAndValidations\ModelBindingAndValidations.csproj", "{35ED9270-ABEC-41E4-A998-ACEF11B6DB99}"
EndProject
Global
	GlobalSection(SolutionConfigurationPlatforms) = preSolution
		Debug|Any CPU = Debug|Any CPU
		Release|Any CPU = Release|Any CPU
	EndGlobalSection
	GlobalSection(ProjectConfigurationPlatforms) = postSolution
		{35ED9270-ABEC-41E4-A998-ACEF11B6DB99}.Debug|Any CPU.ActiveCfg = Debug|Any CPU
		{35ED9270-ABEC-41E4-A998-ACEF11B6DB99}.Debug|Any CPU.Build.0 = Debug|Any CPU
		{35ED9270-ABEC-41E4-A998-ACEF11B6DB99}.Release|Any CPU.ActiveCfg = Release|Any CPU
		{35ED9270-ABEC-41E4-A998-ACEF11B6DB99}.Release|Any CPU.Build.0 = Release|Any CPU
	EndGlobalSection
	GlobalSection(SolutionProperties) = preSolution
		HideSolutionNode = FALSE
	EndGlobalSection
	GlobalSection(ExtensibilityGlobals) = postSolution
		SolutionGuid = {5B870232-6939-4CA6-BA13-95F0455BEBCE}
	EndGlobalSection
EndGlobal
