
Microsoft Visual Studio Solution File, Format Version 12.00
# Visual Studio Version 17
VisualStudioVersion = 17.4.33122.133
MinimumVisualStudioVersion = 10.0.40219.1
Project("{FAE04EC0-301F-11D3-BF4B-00C04F79EFBC}") = "ValueTuplesExample", "ValueTuplesExample\ValueTuplesExample.csproj", "{EAA51C43-C770-4F67-BAC4-B82BA84E7B06}"
EndProject
Project("{FAE04EC0-301F-11D3-BF4B-00C04F79EFBC}") = "ClassLibrary1", "ClassLibrary1\ClassLibrary1.csproj", "{3A9063F2-BC8D-4EE9-BCDB-F389B0FC6763}"
EndProject
Global
	GlobalSection(SolutionConfigurationPlatforms) = preSolution
		Debug|Any CPU = Debug|Any CPU
		Release|Any CPU = Release|Any CPU
	EndGlobalSection
	GlobalSection(ProjectConfigurationPlatforms) = postSolution
		{EAA51C43-C770-4F67-BAC4-B82BA84E7B06}.Debug|Any CPU.ActiveCfg = Debug|Any CPU
		{EAA51C43-C770-4F67-BAC4-B82BA84E7B06}.Debug|Any CPU.Build.0 = Debug|Any CPU
		{EAA51C43-C770-4F67-BAC4-B82BA84E7B06}.Release|Any CPU.ActiveCfg = Release|Any CPU
		{EAA51C43-C770-4F67-BAC4-B82BA84E7B06}.Release|Any CPU.Build.0 = Release|Any CPU
		{3A9063F2-BC8D-4EE9-BCDB-F389B0FC6763}.Debug|Any CPU.ActiveCfg = Debug|Any CPU
		{3A9063F2-BC8D-4EE9-BCDB-F389B0FC6763}.Debug|Any CPU.Build.0 = Debug|Any CPU
		{3A9063F2-BC8D-4EE9-BCDB-F389B0FC6763}.Release|Any CPU.ActiveCfg = Release|Any CPU
		{3A9063F2-BC8D-4EE9-BCDB-F389B0FC6763}.Release|Any CPU.Build.0 = Release|Any CPU
	EndGlobalSection
	GlobalSection(SolutionProperties) = preSolution
		HideSolutionNode = FALSE
	EndGlobalSection
	GlobalSection(ExtensibilityGlobals) = postSolution
		SolutionGuid = {31312746-29B6-4A1E-A31B-492AA12C56A5}
	EndGlobalSection
EndGlobal
