
Microsoft Visual Studio Solution File, Format Version 12.00
# Visual Studio Version 17
VisualStudioVersion = 17.4.33122.133
MinimumVisualStudioVersion = 10.0.40219.1
Project("{FAE04EC0-301F-11D3-BF4B-00C04F79EFBC}") = "DateAdditionExample", "DateAdditionExample\DateAdditionExample.csproj", "{D4A0436E-53E6-4E6F-BFC8-D07F6F1F66CB}"
EndProject
Global
	GlobalSection(SolutionConfigurationPlatforms) = preSolution
		Debug|Any CPU = Debug|Any CPU
		Release|Any CPU = Release|Any CPU
	EndGlobalSection
	GlobalSection(ProjectConfigurationPlatforms) = postSolution
		{D4A0436E-53E6-4E6F-BFC8-D07F6F1F66CB}.Debug|Any CPU.ActiveCfg = Debug|Any CPU
		{D4A0436E-53E6-4E6F-BFC8-D07F6F1F66CB}.Debug|Any CPU.Build.0 = Debug|Any CPU
		{D4A0436E-53E6-4E6F-BFC8-D07F6F1F66CB}.Release|Any CPU.ActiveCfg = Release|Any CPU
		{D4A0436E-53E6-4E6F-BFC8-D07F6F1F66CB}.Release|Any CPU.Build.0 = Release|Any CPU
	EndGlobalSection
	GlobalSection(SolutionProperties) = preSolution
		HideSolutionNode = FALSE
	EndGlobalSection
	GlobalSection(ExtensibilityGlobals) = postSolution
		SolutionGuid = {8F7585AC-DF4C-43E7-AB3B-258338B2A578}
	EndGlobalSection
EndGlobal
