
Microsoft Visual Studio Solution File, Format Version 12.00
# Visual Studio Version 17
VisualStudioVersion = 17.4.33122.133
MinimumVisualStudioVersion = 10.0.40219.1
Project("{FAE04EC0-301F-11D3-BF4B-00C04F79EFBC}") = "IComparableExample", "IComparableExample\IComparableExample.csproj", "{64AAD04A-F01E-4A69-8D18-0A0271C7F01A}"
EndProject
Global
	GlobalSection(SolutionConfigurationPlatforms) = preSolution
		Debug|Any CPU = Debug|Any CPU
		Release|Any CPU = Release|Any CPU
	EndGlobalSection
	GlobalSection(ProjectConfigurationPlatforms) = postSolution
		{64AAD04A-F01E-4A69-8D18-0A0271C7F01A}.Debug|Any CPU.ActiveCfg = Debug|Any CPU
		{64AAD04A-F01E-4A69-8D18-0A0271C7F01A}.Debug|Any CPU.Build.0 = Debug|Any CPU
		{64AAD04A-F01E-4A69-8D18-0A0271C7F01A}.Release|Any CPU.ActiveCfg = Release|Any CPU
		{64AAD04A-F01E-4A69-8D18-0A0271C7F01A}.Release|Any CPU.Build.0 = Release|Any CPU
	EndGlobalSection
	GlobalSection(SolutionProperties) = preSolution
		HideSolutionNode = FALSE
	EndGlobalSection
	GlobalSection(ExtensibilityGlobals) = postSolution
		SolutionGuid = {C6AD97EA-8073-405D-AE9E-3E8FD3CDE380}
	EndGlobalSection
EndGlobal
