
Microsoft Visual Studio Solution File, Format Version 12.00
# Visual Studio Version 17
VisualStudioVersion = 17.4.33122.133
MinimumVisualStudioVersion = 10.0.40219.1
Project("{FAE04EC0-301F-11D3-BF4B-00C04F79EFBC}") = "StringBuilderExample", "StringBuilderExample\StringBuilderExample.csproj", "{C93B5627-FF8E-4C20-B872-04B04F11ADF0}"
EndProject
Global
	GlobalSection(SolutionConfigurationPlatforms) = preSolution
		Debug|Any CPU = Debug|Any CPU
		Release|Any CPU = Release|Any CPU
	EndGlobalSection
	GlobalSection(ProjectConfigurationPlatforms) = postSolution
		{C93B5627-FF8E-4C20-B872-04B04F11ADF0}.Debug|Any CPU.ActiveCfg = Debug|Any CPU
		{C93B5627-FF8E-4C20-B872-04B04F11ADF0}.Debug|Any CPU.Build.0 = Debug|Any CPU
		{C93B5627-FF8E-4C20-B872-04B04F11ADF0}.Release|Any CPU.ActiveCfg = Release|Any CPU
		{C93B5627-FF8E-4C20-B872-04B04F11ADF0}.Release|Any CPU.Build.0 = Release|Any CPU
	EndGlobalSection
	GlobalSection(SolutionProperties) = preSolution
		HideSolutionNode = FALSE
	EndGlobalSection
	GlobalSection(ExtensibilityGlobals) = postSolution
		SolutionGuid = {FDA8879F-9AED-4715-A9EF-E1F474A7A7E0}
	EndGlobalSection
EndGlobal
