
Microsoft Visual Studio Solution File, Format Version 12.00
# Visual Studio Version 17
VisualStudioVersion = 17.4.33122.133
MinimumVisualStudioVersion = 10.0.40219.1
Project("{FAE04EC0-301F-11D3-BF4B-00C04F79EFBC}") = "ConsoleApp1", "ConsoleApp1\ConsoleApp1.csproj", "{6837F04A-CEEA-4953-BE5C-3C2213E15AF9}"
EndProject
Project("{FAE04EC0-301F-11D3-BF4B-00C04F79EFBC}") = "ClassLibrary1", "ClassLibrary1\ClassLibrary1.csproj", "{8FB697A3-33CC-4647-A9A8-5B3C6AA743CC}"
EndProject
Global
	GlobalSection(SolutionConfigurationPlatforms) = preSolution
		Debug|Any CPU = Debug|Any CPU
		Release|Any CPU = Release|Any CPU
	EndGlobalSection
	GlobalSection(ProjectConfigurationPlatforms) = postSolution
		{6837F04A-CEEA-4953-BE5C-3C2213E15AF9}.Debug|Any CPU.ActiveCfg = Debug|Any CPU
		{6837F04A-CEEA-4953-BE5C-3C2213E15AF9}.Debug|Any CPU.Build.0 = Debug|Any CPU
		{6837F04A-CEEA-4953-BE5C-3C2213E15AF9}.Release|Any CPU.ActiveCfg = Release|Any CPU
		{6837F04A-CEEA-4953-BE5C-3C2213E15AF9}.Release|Any CPU.Build.0 = Release|Any CPU
		{8FB697A3-33CC-4647-A9A8-5B3C6AA743CC}.Debug|Any CPU.ActiveCfg = Debug|Any CPU
		{8FB697A3-33CC-4647-A9A8-5B3C6AA743CC}.Debug|Any CPU.Build.0 = Debug|Any CPU
		{8FB697A3-33CC-4647-A9A8-5B3C6AA743CC}.Release|Any CPU.ActiveCfg = Release|Any CPU
		{8FB697A3-33CC-4647-A9A8-5B3C6AA743CC}.Release|Any CPU.Build.0 = Release|Any CPU
	EndGlobalSection
	GlobalSection(SolutionProperties) = preSolution
		HideSolutionNode = FALSE
	EndGlobalSection
	GlobalSection(ExtensibilityGlobals) = postSolution
		SolutionGuid = {AD7427E5-2A36-4803-8F73-F74655CB83FB}
	EndGlobalSection
EndGlobal
