
Microsoft Visual Studio Solution File, Format Version 12.00
# Visual Studio Version 17
VisualStudioVersion = 17.4.33122.133
MinimumVisualStudioVersion = 10.0.40219.1
Project("{FAE04EC0-301F-11D3-BF4B-00C04F79EFBC}") = "EventsExample", "EventsExample\EventsExample.csproj", "{C150B1FE-FF89-4EE3-AD6B-1B9F53A64A2B}"
EndProject
Project("{FAE04EC0-301F-11D3-BF4B-00C04F79EFBC}") = "ClassLibrary1", "ClassLibrary1\ClassLibrary1.csproj", "{D6DEC00D-C65F-44F8-9545-9CAB6B356C30}"
EndProject
Global
	GlobalSection(SolutionConfigurationPlatforms) = preSolution
		Debug|Any CPU = Debug|Any CPU
		Release|Any CPU = Release|Any CPU
	EndGlobalSection
	GlobalSection(ProjectConfigurationPlatforms) = postSolution
		{C150B1FE-FF89-4EE3-AD6B-1B9F53A64A2B}.Debug|Any CPU.ActiveCfg = Debug|Any CPU
		{C150B1FE-FF89-4EE3-AD6B-1B9F53A64A2B}.Debug|Any CPU.Build.0 = Debug|Any CPU
		{C150B1FE-FF89-4EE3-AD6B-1B9F53A64A2B}.Release|Any CPU.ActiveCfg = Release|Any CPU
		{C150B1FE-FF89-4EE3-AD6B-1B9F53A64A2B}.Release|Any CPU.Build.0 = Release|Any CPU
		{D6DEC00D-C65F-44F8-9545-9CAB6B356C30}.Debug|Any CPU.ActiveCfg = Debug|Any CPU
		{D6DEC00D-C65F-44F8-9545-9CAB6B356C30}.Debug|Any CPU.Build.0 = Debug|Any CPU
		{D6DEC00D-C65F-44F8-9545-9CAB6B356C30}.Release|Any CPU.ActiveCfg = Release|Any CPU
		{D6DEC00D-C65F-44F8-9545-9CAB6B356C30}.Release|Any CPU.Build.0 = Release|Any CPU
	EndGlobalSection
	GlobalSection(SolutionProperties) = preSolution
		HideSolutionNode = FALSE
	EndGlobalSection
	GlobalSection(ExtensibilityGlobals) = postSolution
		SolutionGuid = {84CB4F27-A29D-494D-BAA9-7636AD678353}
	EndGlobalSection
EndGlobal
