
Microsoft Visual Studio Solution File, Format Version 12.00
# Visual Studio Version 17
VisualStudioVersion = 17.4.33122.133
MinimumVisualStudioVersion = 10.0.40219.1
Project("{FAE04EC0-301F-11D3-BF4B-00C04F79EFBC}") = "RegExpExample", "RegExpExample\RegExpExample.csproj", "{00EBF65C-3CF5-46DB-B431-EE7C5A8FFDCF}"
EndProject
Global
	GlobalSection(SolutionConfigurationPlatforms) = preSolution
		Debug|Any CPU = Debug|Any CPU
		Release|Any CPU = Release|Any CPU
	EndGlobalSection
	GlobalSection(ProjectConfigurationPlatforms) = postSolution
		{00EBF65C-3CF5-46DB-B431-EE7C5A8FFDCF}.Debug|Any CPU.ActiveCfg = Debug|Any CPU
		{00EBF65C-3CF5-46DB-B431-EE7C5A8FFDCF}.Debug|Any CPU.Build.0 = Debug|Any CPU
		{00EBF65C-3CF5-46DB-B431-EE7C5A8FFDCF}.Release|Any CPU.ActiveCfg = Release|Any CPU
		{00EBF65C-3CF5-46DB-B431-EE7C5A8FFDCF}.Release|Any CPU.Build.0 = Release|Any CPU
	EndGlobalSection
	GlobalSection(SolutionProperties) = preSolution
		HideSolutionNode = FALSE
	EndGlobalSection
	GlobalSection(ExtensibilityGlobals) = postSolution
		SolutionGuid = {6043F855-8878-4F0C-950F-E7EAF560A164}
	EndGlobalSection
EndGlobal
