
Microsoft Visual Studio Solution File, Format Version 12.00
# Visual Studio Version 17
VisualStudioVersion = 17.4.33122.133
MinimumVisualStudioVersion = 10.0.40219.1
Project("{FAE04EC0-301F-11D3-BF4B-00C04F79EFBC}") = "PatternMatchingExample", "PatternMatchingExample\PatternMatchingExample.csproj", "{9078273F-B41D-46CC-9CBA-764A8A721D9A}"
EndProject
Global
	GlobalSection(SolutionConfigurationPlatforms) = preSolution
		Debug|Any CPU = Debug|Any CPU
		Release|Any CPU = Release|Any CPU
	EndGlobalSection
	GlobalSection(ProjectConfigurationPlatforms) = postSolution
		{9078273F-B41D-46CC-9CBA-764A8A721D9A}.Debug|Any CPU.ActiveCfg = Debug|Any CPU
		{9078273F-B41D-46CC-9CBA-764A8A721D9A}.Debug|Any CPU.Build.0 = Debug|Any CPU
		{9078273F-B41D-46CC-9CBA-764A8A721D9A}.Release|Any CPU.ActiveCfg = Release|Any CPU
		{9078273F-B41D-46CC-9CBA-764A8A721D9A}.Release|Any CPU.Build.0 = Release|Any CPU
	EndGlobalSection
	GlobalSection(SolutionProperties) = preSolution
		HideSolutionNode = FALSE
	EndGlobalSection
	GlobalSection(ExtensibilityGlobals) = postSolution
		SolutionGuid = {080322E1-6F41-4A3A-B685-230CD459EBC1}
	EndGlobalSection
EndGlobal
