
Microsoft Visual Studio Solution File, Format Version 12.00
# Visual Studio Version 17
VisualStudioVersion = 17.4.33122.133
MinimumVisualStudioVersion = 10.0.40219.1
Project("{FAE04EC0-301F-11D3-BF4B-00C04F79EFBC}") = "ArraysExample", "ArraysExample\ArraysExample.csproj", "{060CF8CD-BD27-4551-ACC8-41CE826C4F36}"
EndProject
Global
	GlobalSection(SolutionConfigurationPlatforms) = preSolution
		Debug|Any CPU = Debug|Any CPU
		Release|Any CPU = Release|Any CPU
	EndGlobalSection
	GlobalSection(ProjectConfigurationPlatforms) = postSolution
		{060CF8CD-BD27-4551-ACC8-41CE826C4F36}.Debug|Any CPU.ActiveCfg = Debug|Any CPU
		{060CF8CD-BD27-4551-ACC8-41CE826C4F36}.Debug|Any CPU.Build.0 = Debug|Any CPU
		{060CF8CD-BD27-4551-ACC8-41CE826C4F36}.Release|Any CPU.ActiveCfg = Release|Any CPU
		{060CF8CD-BD27-4551-ACC8-41CE826C4F36}.Release|Any CPU.Build.0 = Release|Any CPU
	EndGlobalSection
	GlobalSection(SolutionProperties) = preSolution
		HideSolutionNode = FALSE
	EndGlobalSection
	GlobalSection(ExtensibilityGlobals) = postSolution
		SolutionGuid = {FFB8BBE2-5E91-4829-9CA3-19594045687B}
	EndGlobalSection
EndGlobal
