
Microsoft Visual Studio Solution File, Format Version 12.00
# Visual Studio Version 17
VisualStudioVersion = 17.4.33122.133
MinimumVisualStudioVersion = 10.0.40219.1
Project("{FAE04EC0-301F-11D3-BF4B-00C04F79EFBC}") = "InheritanceExample", "InheritanceExample\InheritanceExample.csproj", "{87F3B404-4541-43D0-98A7-D484E46869EF}"
EndProject
Project("{FAE04EC0-301F-11D3-BF4B-00C04F79EFBC}") = "ClassLibrary1", "ClassLibrary1\ClassLibrary1.csproj", "{475FE6C5-C4E4-4F2C-9373-5BAF7527FB74}"
EndProject
Global
	GlobalSection(SolutionConfigurationPlatforms) = preSolution
		Debug|Any CPU = Debug|Any CPU
		Release|Any CPU = Release|Any CPU
	EndGlobalSection
	GlobalSection(ProjectConfigurationPlatforms) = postSolution
		{87F3B404-4541-43D0-98A7-D484E46869EF}.Debug|Any CPU.ActiveCfg = Debug|Any CPU
		{87F3B404-4541-43D0-98A7-D484E46869EF}.Debug|Any CPU.Build.0 = Debug|Any CPU
		{87F3B404-4541-43D0-98A7-D484E46869EF}.Release|Any CPU.ActiveCfg = Release|Any CPU
		{87F3B404-4541-43D0-98A7-D484E46869EF}.Release|Any CPU.Build.0 = Release|Any CPU
		{475FE6C5-C4E4-4F2C-9373-5BAF7527FB74}.Debug|Any CPU.ActiveCfg = Debug|Any CPU
		{475FE6C5-C4E4-4F2C-9373-5BAF7527FB74}.Debug|Any CPU.Build.0 = Debug|Any CPU
		{475FE6C5-C4E4-4F2C-9373-5BAF7527FB74}.Release|Any CPU.ActiveCfg = Release|Any CPU
		{475FE6C5-C4E4-4F2C-9373-5BAF7527FB74}.Release|Any CPU.Build.0 = Release|Any CPU
	EndGlobalSection
	GlobalSection(SolutionProperties) = preSolution
		HideSolutionNode = FALSE
	EndGlobalSection
	GlobalSection(ExtensibilityGlobals) = postSolution
		SolutionGuid = {FC669DC2-2F83-44D8-A178-8F5649D8205B}
	EndGlobalSection
EndGlobal
